
Microsoft Visual Studio Solution File, Format Version 12.00
# Visual Studio Version 17
VisualStudioVersion = 17.4.33213.308
MinimumVisualStudioVersion = 10.0.40219.1
Project("{9A19103F-16F7-4668-BE54-9A1E7A4F7556}") = "ChallengeApp", "ChallengeApp\ChallengeApp.csproj", "{348504F6-4573-4BDF-9AB9-0738BEC2CDDD}"
EndProject
Project("{FAE04EC0-301F-11D3-BF4B-00C04F79EFBC}") = "Employee.Test", "Employee.Test\Employee.Test.csproj", "{8227BC5B-3627-446F-AE6F-4048A61CD014}"
EndProject
Global
	GlobalSection(SolutionConfigurationPlatforms) = preSolution
		Debug|Any CPU = Debug|Any CPU
		Release|Any CPU = Release|Any CPU
	EndGlobalSection
	GlobalSection(ProjectConfigurationPlatforms) = postSolution
		{348504F6-4573-4BDF-9AB9-0738BEC2CDDD}.Debug|Any CPU.ActiveCfg = Debug|Any CPU
		{348504F6-4573-4BDF-9AB9-0738BEC2CDDD}.Debug|Any CPU.Build.0 = Debug|Any CPU
		{348504F6-4573-4BDF-9AB9-0738BEC2CDDD}.Release|Any CPU.ActiveCfg = Release|Any CPU
		{348504F6-4573-4BDF-9AB9-0738BEC2CDDD}.Release|Any CPU.Build.0 = Release|Any CPU
		{8227BC5B-3627-446F-AE6F-4048A61CD014}.Debug|Any CPU.ActiveCfg = Debug|Any CPU
		{8227BC5B-3627-446F-AE6F-4048A61CD014}.Debug|Any CPU.Build.0 = Debug|Any CPU
		{8227BC5B-3627-446F-AE6F-4048A61CD014}.Release|Any CPU.ActiveCfg = Release|Any CPU
		{8227BC5B-3627-446F-AE6F-4048A61CD014}.Release|Any CPU.Build.0 = Release|Any CPU
	EndGlobalSection
	GlobalSection(SolutionProperties) = preSolution
		HideSolutionNode = FALSE
	EndGlobalSection
	GlobalSection(ExtensibilityGlobals) = postSolution
		SolutionGuid = {E813945F-F0FB-45F0-A1BC-D0445B115A06}
	EndGlobalSection
EndGlobal
